
Microsoft Visual Studio Solution File, Format Version 12.00
# Visual Studio Version 17
VisualStudioVersion = 17.7.34221.43
MinimumVisualStudioVersion = 10.0.40219.1
Project("{9A19103F-16F7-4668-BE54-9A1E7A4F7556}") = "CodeAnalyzer", "CodeAnalyzer\CodeAnalyzer.csproj", "{15EA8B6F-3C65-4B4F-8055-3BCB2E30FE18}"
EndProject
Project("{FAE04EC0-301F-11D3-BF4B-00C04F79EFBC}") = "CodeAnalyzer.Models", "CodeAnalyzer.Models\CodeAnalyzer.Models.csproj", "{CEE85EC2-02EA-42A5-836A-A0439F6B7C42}"
EndProject
Project("{FAE04EC0-301F-11D3-BF4B-00C04F79EFBC}") = "CodeAnalyzer.Repositories", "CodeAnalyzer.Repositories\CodeAnalyzer.Repositories.csproj", "{59F2E22F-12DC-4BEF-876B-EFF16F81F2B4}"
EndProject
Global
	GlobalSection(SolutionConfigurationPlatforms) = preSolution
		Debug|Any CPU = Debug|Any CPU
		Release|Any CPU = Release|Any CPU
	EndGlobalSection
	GlobalSection(ProjectConfigurationPlatforms) = postSolution
		{15EA8B6F-3C65-4B4F-8055-3BCB2E30FE18}.Debug|Any CPU.ActiveCfg = Debug|Any CPU
		{15EA8B6F-3C65-4B4F-8055-3BCB2E30FE18}.Debug|Any CPU.Build.0 = Debug|Any CPU
		{15EA8B6F-3C65-4B4F-8055-3BCB2E30FE18}.Release|Any CPU.ActiveCfg = Release|Any CPU
		{15EA8B6F-3C65-4B4F-8055-3BCB2E30FE18}.Release|Any CPU.Build.0 = Release|Any CPU
		{CEE85EC2-02EA-42A5-836A-A0439F6B7C42}.Debug|Any CPU.ActiveCfg = Debug|Any CPU
		{CEE85EC2-02EA-42A5-836A-A0439F6B7C42}.Debug|Any CPU.Build.0 = Debug|Any CPU
		{CEE85EC2-02EA-42A5-836A-A0439F6B7C42}.Release|Any CPU.ActiveCfg = Release|Any CPU
		{CEE85EC2-02EA-42A5-836A-A0439F6B7C42}.Release|Any CPU.Build.0 = Release|Any CPU
		{59F2E22F-12DC-4BEF-876B-EFF16F81F2B4}.Debug|Any CPU.ActiveCfg = Debug|Any CPU
		{59F2E22F-12DC-4BEF-876B-EFF16F81F2B4}.Debug|Any CPU.Build.0 = Debug|Any CPU
		{59F2E22F-12DC-4BEF-876B-EFF16F81F2B4}.Release|Any CPU.ActiveCfg = Release|Any CPU
		{59F2E22F-12DC-4BEF-876B-EFF16F81F2B4}.Release|Any CPU.Build.0 = Release|Any CPU
	EndGlobalSection
	GlobalSection(SolutionProperties) = preSolution
		HideSolutionNode = FALSE
	EndGlobalSection
	GlobalSection(ExtensibilityGlobals) = postSolution
		SolutionGuid = {0F0AB2CD-BA8D-4AE6-AB39-860B7B3FB33A}
	EndGlobalSection
EndGlobal
