
Microsoft Visual Studio Solution File, Format Version 12.00
# Visual Studio Version 17
VisualStudioVersion = 17.7.34221.43
MinimumVisualStudioVersion = 10.0.40219.1
Project("{9A19103F-16F7-4668-BE54-9A1E7A4F7556}") = "CodeAnalyzer", "CodeAnalyzer\CodeAnalyzer.csproj", "{15EA8B6F-3C65-4B4F-8055-3BCB2E30FE18}"
EndProject
Project("{9A19103F-16F7-4668-BE54-9A1E7A4F7556}") = "CodeAnalyzer.Models", "CodeAnalyzer.Models\CodeAnalyzer.Models.csproj", "{CEE85EC2-02EA-42A5-836A-A0439F6B7C42}"
EndProject
Project("{9A19103F-16F7-4668-BE54-9A1E7A4F7556}") = "CodeAnalyzer.Repositories", "CodeAnalyzer.Repositories\CodeAnalyzer.Repositories.csproj", "{59F2E22F-12DC-4BEF-876B-EFF16F81F2B4}"
EndProject
Project("{2150E333-8FDC-42A3-9474-1A3956D46DE8}") = "Analyzers", "Analyzers", "{B4D1BD92-F55A-41D8-80FB-19CD5D277ABC}"
EndProject
Project("{9A19103F-16F7-4668-BE54-9A1E7A4F7556}") = "Analyzers", "Analyzers\Analyzers\Analyzers.csproj", "{B22A0641-D247-40A3-B09E-83E312B03496}"
EndProject
Project("{9A19103F-16F7-4668-BE54-9A1E7A4F7556}") = "Analyzers.CodeFixes", "Analyzers\Analyzers.CodeFixes\Analyzers.CodeFixes.csproj", "{017EDA38-C546-4BF6-8BFC-7792A03DE589}"
EndProject
Project("{9A19103F-16F7-4668-BE54-9A1E7A4F7556}") = "Analyzers.Package", "Analyzers\Analyzers.Package\Analyzers.Package.csproj", "{95F0492F-7B60-4EE3-9D0A-2431409469DD}"
EndProject
Project("{9A19103F-16F7-4668-BE54-9A1E7A4F7556}") = "Analyzers.Test", "Analyzers\Analyzers.Test\Analyzers.Test.csproj", "{C20675E2-2A3F-482F-8564-06973DAC041D}"
EndProject
Project("{9A19103F-16F7-4668-BE54-9A1E7A4F7556}") = "Analyzers.Vsix", "Analyzers\Analyzers.Vsix\Analyzers.Vsix.csproj", "{FD2E8BFC-6BF6-40BE-B9A7-61EBCA3F77BD}"
EndProject
Project("{9A19103F-16F7-4668-BE54-9A1E7A4F7556}") = "CodeAnalyzer.CustomAttributes", "CodeAnalyzer.CustomAttributes\CodeAnalyzer.CustomAttributes.csproj", "{00551CE9-D750-44BD-A7DB-36456C50902C}"
EndProject
Project("{2150E333-8FDC-42A3-9474-1A3956D46DE8}") = "Github", "Github", "{CF2C82F6-B558-4E53-9FD2-9565BD1AD131}"
	ProjectSection(SolutionItems) = preProject
		README.md = README.md
	EndProjectSection
EndProject
Project("{2150E333-8FDC-42A3-9474-1A3956D46DE8}") = "Images", "Images", "{56186A93-3758-4FF1-BB3D-0329B55BF236}"
EndProject
Global
	GlobalSection(SolutionConfigurationPlatforms) = preSolution
		Debug|Any CPU = Debug|Any CPU
		Release|Any CPU = Release|Any CPU
	EndGlobalSection
	GlobalSection(ProjectConfigurationPlatforms) = postSolution
		{15EA8B6F-3C65-4B4F-8055-3BCB2E30FE18}.Debug|Any CPU.ActiveCfg = Debug|Any CPU
		{15EA8B6F-3C65-4B4F-8055-3BCB2E30FE18}.Debug|Any CPU.Build.0 = Debug|Any CPU
		{15EA8B6F-3C65-4B4F-8055-3BCB2E30FE18}.Release|Any CPU.ActiveCfg = Release|Any CPU
		{15EA8B6F-3C65-4B4F-8055-3BCB2E30FE18}.Release|Any CPU.Build.0 = Release|Any CPU
		{CEE85EC2-02EA-42A5-836A-A0439F6B7C42}.Debug|Any CPU.ActiveCfg = Debug|Any CPU
		{CEE85EC2-02EA-42A5-836A-A0439F6B7C42}.Debug|Any CPU.Build.0 = Debug|Any CPU
		{CEE85EC2-02EA-42A5-836A-A0439F6B7C42}.Release|Any CPU.ActiveCfg = Release|Any CPU
		{CEE85EC2-02EA-42A5-836A-A0439F6B7C42}.Release|Any CPU.Build.0 = Release|Any CPU
		{59F2E22F-12DC-4BEF-876B-EFF16F81F2B4}.Debug|Any CPU.ActiveCfg = Debug|Any CPU
		{59F2E22F-12DC-4BEF-876B-EFF16F81F2B4}.Debug|Any CPU.Build.0 = Debug|Any CPU
		{59F2E22F-12DC-4BEF-876B-EFF16F81F2B4}.Release|Any CPU.ActiveCfg = Release|Any CPU
		{59F2E22F-12DC-4BEF-876B-EFF16F81F2B4}.Release|Any CPU.Build.0 = Release|Any CPU
		{B22A0641-D247-40A3-B09E-83E312B03496}.Debug|Any CPU.ActiveCfg = Debug|Any CPU
		{B22A0641-D247-40A3-B09E-83E312B03496}.Debug|Any CPU.Build.0 = Debug|Any CPU
		{B22A0641-D247-40A3-B09E-83E312B03496}.Release|Any CPU.ActiveCfg = Release|Any CPU
		{B22A0641-D247-40A3-B09E-83E312B03496}.Release|Any CPU.Build.0 = Release|Any CPU
		{017EDA38-C546-4BF6-8BFC-7792A03DE589}.Debug|Any CPU.ActiveCfg = Debug|Any CPU
		{017EDA38-C546-4BF6-8BFC-7792A03DE589}.Debug|Any CPU.Build.0 = Debug|Any CPU
		{017EDA38-C546-4BF6-8BFC-7792A03DE589}.Release|Any CPU.ActiveCfg = Release|Any CPU
		{017EDA38-C546-4BF6-8BFC-7792A03DE589}.Release|Any CPU.Build.0 = Release|Any CPU
		{95F0492F-7B60-4EE3-9D0A-2431409469DD}.Debug|Any CPU.ActiveCfg = Debug|Any CPU
		{95F0492F-7B60-4EE3-9D0A-2431409469DD}.Debug|Any CPU.Build.0 = Debug|Any CPU
		{95F0492F-7B60-4EE3-9D0A-2431409469DD}.Release|Any CPU.ActiveCfg = Release|Any CPU
		{95F0492F-7B60-4EE3-9D0A-2431409469DD}.Release|Any CPU.Build.0 = Release|Any CPU
		{C20675E2-2A3F-482F-8564-06973DAC041D}.Debug|Any CPU.ActiveCfg = Debug|Any CPU
		{C20675E2-2A3F-482F-8564-06973DAC041D}.Debug|Any CPU.Build.0 = Debug|Any CPU
		{C20675E2-2A3F-482F-8564-06973DAC041D}.Release|Any CPU.ActiveCfg = Release|Any CPU
		{C20675E2-2A3F-482F-8564-06973DAC041D}.Release|Any CPU.Build.0 = Release|Any CPU
		{FD2E8BFC-6BF6-40BE-B9A7-61EBCA3F77BD}.Debug|Any CPU.ActiveCfg = Debug|Any CPU
		{FD2E8BFC-6BF6-40BE-B9A7-61EBCA3F77BD}.Debug|Any CPU.Build.0 = Debug|Any CPU
		{FD2E8BFC-6BF6-40BE-B9A7-61EBCA3F77BD}.Release|Any CPU.ActiveCfg = Release|Any CPU
		{FD2E8BFC-6BF6-40BE-B9A7-61EBCA3F77BD}.Release|Any CPU.Build.0 = Release|Any CPU
		{00551CE9-D750-44BD-A7DB-36456C50902C}.Debug|Any CPU.ActiveCfg = Debug|Any CPU
		{00551CE9-D750-44BD-A7DB-36456C50902C}.Debug|Any CPU.Build.0 = Debug|Any CPU
		{00551CE9-D750-44BD-A7DB-36456C50902C}.Release|Any CPU.ActiveCfg = Release|Any CPU
		{00551CE9-D750-44BD-A7DB-36456C50902C}.Release|Any CPU.Build.0 = Release|Any CPU
	EndGlobalSection
	GlobalSection(SolutionProperties) = preSolution
		HideSolutionNode = FALSE
	EndGlobalSection
	GlobalSection(NestedProjects) = preSolution
		{B22A0641-D247-40A3-B09E-83E312B03496} = {B4D1BD92-F55A-41D8-80FB-19CD5D277ABC}
		{017EDA38-C546-4BF6-8BFC-7792A03DE589} = {B4D1BD92-F55A-41D8-80FB-19CD5D277ABC}
		{95F0492F-7B60-4EE3-9D0A-2431409469DD} = {B4D1BD92-F55A-41D8-80FB-19CD5D277ABC}
		{C20675E2-2A3F-482F-8564-06973DAC041D} = {B4D1BD92-F55A-41D8-80FB-19CD5D277ABC}
		{FD2E8BFC-6BF6-40BE-B9A7-61EBCA3F77BD} = {B4D1BD92-F55A-41D8-80FB-19CD5D277ABC}
		{56186A93-3758-4FF1-BB3D-0329B55BF236} = {CF2C82F6-B558-4E53-9FD2-9565BD1AD131}
	EndGlobalSection
	GlobalSection(ExtensibilityGlobals) = postSolution
		SolutionGuid = {0F0AB2CD-BA8D-4AE6-AB39-860B7B3FB33A}
	EndGlobalSection
EndGlobal
